// !$*UTF8*$!
{
	archiveVersion = 1;
	classes = {
	};
	objectVersion = 55;
	objects = {

/* Begin PBXBuildFile section */
		2826039527E07EC500F165CC /* AppDelegate.swift in Sources */ = {isa = PBXBuildFile; fileRef = 2826039427E07EC500F165CC /* AppDelegate.swift */; };
		2826039727E07EC500F165CC /* SceneDelegate.swift in Sources */ = {isa = PBXBuildFile; fileRef = 2826039627E07EC500F165CC /* SceneDelegate.swift */; };
		2826039927E07EC500F165CC /* IntroductionViewController.swift in Sources */ = {isa = PBXBuildFile; fileRef = 2826039827E07EC500F165CC /* IntroductionViewController.swift */; };
		2826039C27E07EC500F165CC /* Main.storyboard in Resources */ = {isa = PBXBuildFile; fileRef = 2826039A27E07EC500F165CC /* Main.storyboard */; };
		2826039E27E07EC600F165CC /* Assets.xcassets in Resources */ = {isa = PBXBuildFile; fileRef = 2826039D27E07EC600F165CC /* Assets.xcassets */; };
		282603A127E07EC600F165CC /* LaunchScreen.storyboard in Resources */ = {isa = PBXBuildFile; fileRef = 2826039F27E07EC600F165CC /* LaunchScreen.storyboard */; };
		282603AD27E086CC00F165CC /* QuestionsViewController.swift in Sources */ = {isa = PBXBuildFile; fileRef = 282603AC27E086CC00F165CC /* QuestionsViewController.swift */; };
		282603AF27E086DD00F165CC /* ResultViewController.swift in Sources */ = {isa = PBXBuildFile; fileRef = 282603AE27E086DD00F165CC /* ResultViewController.swift */; };
		282603B227E0878600F165CC /* Question.swift in Sources */ = {isa = PBXBuildFile; fileRef = 282603B127E0878600F165CC /* Question.swift */; };
/* End PBXBuildFile section */

/* Begin PBXFileReference section */
		2826039127E07EC500F165CC /* PersonalQuizApp.app */ = {isa = PBXFileReference; explicitFileType = wrapper.application; includeInIndex = 0; path = PersonalQuizApp.app; sourceTree = BUILT_PRODUCTS_DIR; };
		2826039427E07EC500F165CC /* AppDelegate.swift */ = {isa = PBXFileReference; lastKnownFileType = sourcecode.swift; path = AppDelegate.swift; sourceTree = "<group>"; };
		2826039627E07EC500F165CC /* SceneDelegate.swift */ = {isa = PBXFileReference; lastKnownFileType = sourcecode.swift; path = SceneDelegate.swift; sourceTree = "<group>"; };
		2826039827E07EC500F165CC /* IntroductionViewController.swift */ = {isa = PBXFileReference; lastKnownFileType = sourcecode.swift; path = IntroductionViewController.swift; sourceTree = "<group>"; };
		2826039B27E07EC500F165CC /* Base */ = {isa = PBXFileReference; lastKnownFileType = file.storyboard; name = Base; path = Base.lproj/Main.storyboard; sourceTree = "<group>"; };
		2826039D27E07EC600F165CC /* Assets.xcassets */ = {isa = PBXFileReference; lastKnownFileType = folder.assetcatalog; path = Assets.xcassets; sourceTree = "<group>"; };
		282603A027E07EC600F165CC /* Base */ = {isa = PBXFileReference; lastKnownFileType = file.storyboard; name = Base; path = Base.lproj/LaunchScreen.storyboard; sourceTree = "<group>"; };
		282603A227E07EC600F165CC /* Info.plist */ = {isa = PBXFileReference; lastKnownFileType = text.plist.xml; path = Info.plist; sourceTree = "<group>"; };
		282603AC27E086CC00F165CC /* QuestionsViewController.swift */ = {isa = PBXFileReference; lastKnownFileType = sourcecode.swift; path = QuestionsViewController.swift; sourceTree = "<group>"; };
		282603AE27E086DD00F165CC /* ResultViewController.swift */ = {isa = PBXFileReference; lastKnownFileType = sourcecode.swift; path = ResultViewController.swift; sourceTree = "<group>"; };
		282603B127E0878600F165CC /* Question.swift */ = {isa = PBXFileReference; lastKnownFileType = sourcecode.swift; path = Question.swift; sourceTree = "<group>"; };
/* End PBXFileReference section */

/* Begin PBXFrameworksBuildPhase section */
		2826038E27E07EC500F165CC /* Frameworks */ = {
			isa = PBXFrameworksBuildPhase;
			buildActionMask = 2147483647;
			files = (
			);
			runOnlyForDeploymentPostprocessing = 0;
		};
/* End PBXFrameworksBuildPhase section */

/* Begin PBXGroup section */
		2826038827E07EC500F165CC = {
			isa = PBXGroup;
			children = (
				2826039327E07EC500F165CC /* PersonalQuizApp */,
				2826039227E07EC500F165CC /* Products */,
			);
			sourceTree = "<group>";
		};
		2826039227E07EC500F165CC /* Products */ = {
			isa = PBXGroup;
			children = (
				2826039127E07EC500F165CC /* PersonalQuizApp.app */,
			);
			name = Products;
			sourceTree = "<group>";
		};
		2826039327E07EC500F165CC /* PersonalQuizApp */ = {
			isa = PBXGroup;
			children = (
				282603AA27E07F6000F165CC /* App */,
				282603AB27E07F6500F165CC /* ViewControllers */,
				282603B027E0876A00F165CC /* Model */,
				282603A827E07F4E00F165CC /* Storyboards */,
				282603A927E07F5700F165CC /* Resources */,
			);
			path = PersonalQuizApp;
			sourceTree = "<group>";
		};
		282603A827E07F4E00F165CC /* Storyboards */ = {
			isa = PBXGroup;
			children = (
				2826039A27E07EC500F165CC /* Main.storyboard */,
				2826039F27E07EC600F165CC /* LaunchScreen.storyboard */,
			);
			path = Storyboards;
			sourceTree = "<group>";
		};
		282603A927E07F5700F165CC /* Resources */ = {
			isa = PBXGroup;
			children = (
				2826039D27E07EC600F165CC /* Assets.xcassets */,
			);
			path = Resources;
			sourceTree = "<group>";
		};
		282603AA27E07F6000F165CC /* App */ = {
			isa = PBXGroup;
			children = (
				2826039427E07EC500F165CC /* AppDelegate.swift */,
				2826039627E07EC500F165CC /* SceneDelegate.swift */,
				282603A227E07EC600F165CC /* Info.plist */,
			);
			path = App;
			sourceTree = "<group>";
		};
		282603AB27E07F6500F165CC /* ViewControllers */ = {
			isa = PBXGroup;
			children = (
				2826039827E07EC500F165CC /* IntroductionViewController.swift */,
				282603AC27E086CC00F165CC /* QuestionsViewController.swift */,
				282603AE27E086DD00F165CC /* ResultViewController.swift */,
			);
			path = ViewControllers;
			sourceTree = "<group>";
		};
		282603B027E0876A00F165CC /* Model */ = {
			isa = PBXGroup;
			children = (
				282603B127E0878600F165CC /* Question.swift */,
			);
			path = Model;
			sourceTree = "<group>";
		};
/* End PBXGroup section */

/* Begin PBXNativeTarget section */
		2826039027E07EC500F165CC /* PersonalQuizApp */ = {
			isa = PBXNativeTarget;
			buildConfigurationList = 282603A527E07EC600F165CC /* Build configuration list for PBXNativeTarget "PersonalQuizApp" */;
			buildPhases = (
				2826038D27E07EC500F165CC /* Sources */,
				2826038E27E07EC500F165CC /* Frameworks */,
				2826038F27E07EC500F165CC /* Resources */,
			);
			buildRules = (
			);
			dependencies = (
			);
			name = PersonalQuizApp;
			productName = PersonalQuizApp;
			productReference = 2826039127E07EC500F165CC /* PersonalQuizApp.app */;
			productType = "com.apple.product-type.application";
		};
/* End PBXNativeTarget section */

/* Begin PBXProject section */
		2826038927E07EC500F165CC /* Project object */ = {
			isa = PBXProject;
			attributes = {
				BuildIndependentTargetsInParallel = 1;
				LastSwiftUpdateCheck = 1320;
				LastUpgradeCheck = 1320;
				TargetAttributes = {
					2826039027E07EC500F165CC = {
						CreatedOnToolsVersion = 13.2.1;
					};
				};
			};
			buildConfigurationList = 2826038C27E07EC500F165CC /* Build configuration list for PBXProject "PersonalQuizApp" */;
			compatibilityVersion = "Xcode 13.0";
			developmentRegion = en;
			hasScannedForEncodings = 0;
			knownRegions = (
				en,
				Base,
			);
			mainGroup = 2826038827E07EC500F165CC;
			productRefGroup = 2826039227E07EC500F165CC /* Products */;
			projectDirPath = "";
			projectRoot = "";
			targets = (
				2826039027E07EC500F165CC /* PersonalQuizApp */,
			);
		};
/* End PBXProject section */

/* Begin PBXResourcesBuildPhase section */
		2826038F27E07EC500F165CC /* Resources */ = {
			isa = PBXResourcesBuildPhase;
			buildActionMask = 2147483647;
			files = (
				282603A127E07EC600F165CC /* LaunchScreen.storyboard in Resources */,
				2826039E27E07EC600F165CC /* Assets.xcassets in Resources */,
				2826039C27E07EC500F165CC /* Main.storyboard in Resources */,
			);
			runOnlyForDeploymentPostprocessing = 0;
		};
/* End PBXResourcesBuildPhase section */

/* Begin PBXSourcesBuildPhase section */
		2826038D27E07EC500F165CC /* Sources */ = {
			isa = PBXSourcesBuildPhase;
			buildActionMask = 2147483647;
			files = (
				282603AF27E086DD00F165CC /* ResultViewController.swift in Sources */,
				2826039927E07EC500F165CC /* IntroductionViewController.swift in Sources */,
				2826039527E07EC500F165CC /* AppDelegate.swift in Sources */,
				282603B227E0878600F165CC /* Question.swift in Sources */,
				282603AD27E086CC00F165CC /* QuestionsViewController.swift in Sources */,
				2826039727E07EC500F165CC /* SceneDelegate.swift in Sources */,
			);
			runOnlyForDeploymentPostprocessing = 0;
		};
/* End PBXSourcesBuildPhase section */

/* Begin PBXVariantGroup section */
		2826039A27E07EC500F165CC /* Main.storyboard */ = {
			isa = PBXVariantGroup;
			children = (
				2826039B27E07EC500F165CC /* Base */,
			);
			name = Main.storyboard;
			sourceTree = "<group>";
		};
		2826039F27E07EC600F165CC /* LaunchScreen.storyboard */ = {
			isa = PBXVariantGroup;
			children = (
				282603A027E07EC600F165CC /* Base */,
			);
			name = LaunchScreen.storyboard;
			sourceTree = "<group>";
		};
/* End PBXVariantGroup section */

/* Begin XCBuildConfiguration section */
		282603A327E07EC600F165CC /* Debug */ = {
			isa = XCBuildConfiguration;
			buildSettings = {
				ALWAYS_SEARCH_USER_PATHS = NO;
				CLANG_ANALYZER_NONNULL = YES;
				CLANG_ANALYZER_NUMBER_OBJECT_CONVERSION = YES_AGGRESSIVE;
				CLANG_CXX_LANGUAGE_STANDARD = "gnu++17";
				CLANG_CXX_LIBRARY = "libc++";
				CLANG_ENABLE_MODULES = YES;
				CLANG_ENABLE_OBJC_ARC = YES;
				CLANG_ENABLE_OBJC_WEAK = YES;
				CLANG_WARN_BLOCK_CAPTURE_AUTORELEASING = YES;
				CLANG_WARN_BOOL_CONVERSION = YES;
				CLANG_WARN_COMMA = YES;
				CLANG_WARN_CONSTANT_CONVERSION = YES;
				CLANG_WARN_DEPRECATED_OBJC_IMPLEMENTATIONS = YES;
				CLANG_WARN_DIRECT_OBJC_ISA_USAGE = YES_ERROR;
				CLANG_WARN_DOCUMENTATION_COMMENTS = YES;
				CLANG_WARN_EMPTY_BODY = YES;
				CLANG_WARN_ENUM_CONVERSION = YES;
				CLANG_WARN_INFINITE_RECURSION = YES;
				CLANG_WARN_INT_CONVERSION = YES;
				CLANG_WARN_NON_LITERAL_NULL_CONVERSION = YES;
				CLANG_WARN_OBJC_IMPLICIT_RETAIN_SELF = YES;
				CLANG_WARN_OBJC_LITERAL_CONVERSION = YES;
				CLANG_WARN_OBJC_ROOT_CLASS = YES_ERROR;
				CLANG_WARN_QUOTED_INCLUDE_IN_FRAMEWORK_HEADER = YES;
				CLANG_WARN_RANGE_LOOP_ANALYSIS = YES;
				CLANG_WARN_STRICT_PROTOTYPES = YES;
				CLANG_WARN_SUSPICIOUS_MOVE = YES;
				CLANG_WARN_UNGUARDED_AVAILABILITY = YES_AGGRESSIVE;
				CLANG_WARN_UNREACHABLE_CODE = YES;
				CLANG_WARN__DUPLICATE_METHOD_MATCH = YES;
				COPY_PHASE_STRIP = NO;
				DEBUG_INFORMATION_FORMAT = dwarf;
				ENABLE_STRICT_OBJC_MSGSEND = YES;
				ENABLE_TESTABILITY = YES;
				GCC_C_LANGUAGE_STANDARD = gnu11;
				GCC_DYNAMIC_NO_PIC = NO;
				GCC_NO_COMMON_BLOCKS = YES;
				GCC_OPTIMIZATION_LEVEL = 0;
				GCC_PREPROCESSOR_DEFINITIONS = (
					"DEBUG=1",
					"$(inherited)",
				);
				GCC_WARN_64_TO_32_BIT_CONVERSION = YES;
				GCC_WARN_ABOUT_RETURN_TYPE = YES_ERROR;
				GCC_WARN_UNDECLARED_SELECTOR = YES;
				GCC_WARN_UNINITIALIZED_AUTOS = YES_AGGRESSIVE;
				GCC_WARN_UNUSED_FUNCTION = YES;
				GCC_WARN_UNUSED_VARIABLE = YES;
				IPHONEOS_DEPLOYMENT_TARGET = 15.2;
				MTL_ENABLE_DEBUG_INFO = INCLUDE_SOURCE;
				MTL_FAST_MATH = YES;
				ONLY_ACTIVE_ARCH = YES;
				SDKROOT = iphoneos;
				SWIFT_ACTIVE_COMPILATION_CONDITIONS = DEBUG;
				SWIFT_OPTIMIZATION_LEVEL = "-Onone";
			};
			name = Debug;
		};
		282603A427E07EC600F165CC /* Release */ = {
			isa = XCBuildConfiguration;
			buildSettings = {
				ALWAYS_SEARCH_USER_PATHS = NO;
				CLANG_ANALYZER_NONNULL = YES;
				CLANG_ANALYZER_NUMBER_OBJECT_CONVERSION = YES_AGGRESSIVE;
				CLANG_CXX_LANGUAGE_STANDARD = "gnu++17";
				CLANG_CXX_LIBRARY = "libc++";
				CLANG_ENABLE_MODULES = YES;
				CLANG_ENABLE_OBJC_ARC = YES;
				CLANG_ENABLE_OBJC_WEAK = YES;
				CLANG_WARN_BLOCK_CAPTURE_AUTORELEASING = YES;
				CLANG_WARN_BOOL_CONVERSION = YES;
				CLANG_WARN_COMMA = YES;
				CLANG_WARN_CONSTANT_CONVERSION = YES;
				CLANG_WARN_DEPRECATED_OBJC_IMPLEMENTATIONS = YES;
				CLANG_WARN_DIRECT_OBJC_ISA_USAGE = YES_ERROR;
				CLANG_WARN_DOCUMENTATION_COMMENTS = YES;
				CLANG_WARN_EMPTY_BODY = YES;
				CLANG_WARN_ENUM_CONVERSION = YES;
				CLANG_WARN_INFINITE_RECURSION = YES;
				CLANG_WARN_INT_CONVERSION = YES;
				CLANG_WARN_NON_LITERAL_NULL_CONVERSION = YES;
				CLANG_WARN_OBJC_IMPLICIT_RETAIN_SELF = YES;
				CLANG_WARN_OBJC_LITERAL_CONVERSION = YES;
				CLANG_WARN_OBJC_ROOT_CLASS = YES_ERROR;
				CLANG_WARN_QUOTED_INCLUDE_IN_FRAMEWORK_HEADER = YES;
				CLANG_WARN_RANGE_LOOP_ANALYSIS = YES;
				CLANG_WARN_STRICT_PROTOTYPES = YES;
				CLANG_WARN_SUSPICIOUS_MOVE = YES;
				CLANG_WARN_UNGUARDED_AVAILABILITY = YES_AGGRESSIVE;
				CLANG_WARN_UNREACHABLE_CODE = YES;
				CLANG_WARN__DUPLICATE_METHOD_MATCH = YES;
				COPY_PHASE_STRIP = NO;
				DEBUG_INFORMATION_FORMAT = "dwarf-with-dsym";
				ENABLE_NS_ASSERTIONS = NO;
				ENABLE_STRICT_OBJC_MSGSEND = YES;
				GCC_C_LANGUAGE_STANDARD = gnu11;
				GCC_NO_COMMON_BLOCKS = YES;
				GCC_WARN_64_TO_32_BIT_CONVERSION = YES;
				GCC_WARN_ABOUT_RETURN_TYPE = YES_ERROR;
				GCC_WARN_UNDECLARED_SELECTOR = YES;
				GCC_WARN_UNINITIALIZED_AUTOS = YES_AGGRESSIVE;
				GCC_WARN_UNUSED_FUNCTION = YES;
				GCC_WARN_UNUSED_VARIABLE = YES;
				IPHONEOS_DEPLOYMENT_TARGET = 15.2;
				MTL_ENABLE_DEBUG_INFO = NO;
				MTL_FAST_MATH = YES;
				SDKROOT = iphoneos;
				SWIFT_COMPILATION_MODE = wholemodule;
				SWIFT_OPTIMIZATION_LEVEL = "-O";
				VALIDATE_PRODUCT = YES;
			};
			name = Release;
		};
		282603A627E07EC600F165CC /* Debug */ = {
			isa = XCBuildConfiguration;
			buildSettings = {
				ASSETCATALOG_COMPILER_APPICON_NAME = AppIcon;
				ASSETCATALOG_COMPILER_GLOBAL_ACCENT_COLOR_NAME = AccentColor;
				CODE_SIGN_STYLE = Automatic;
				CURRENT_PROJECT_VERSION = 1;
				DEVELOPMENT_TEAM = 6P96P67U8G;
				GENERATE_INFOPLIST_FILE = YES;
				INFOPLIST_FILE = PersonalQuizApp/App/Info.plist;
				INFOPLIST_KEY_UIApplicationSupportsIndirectInputEvents = YES;
				INFOPLIST_KEY_UILaunchStoryboardName = LaunchScreen;
				INFOPLIST_KEY_UIMainStoryboardFile = Main;
				INFOPLIST_KEY_UISupportedInterfaceOrientations_iPad = "UIInterfaceOrientationPortrait UIInterfaceOrientationPortraitUpsideDown UIInterfaceOrientationLandscapeLeft UIInterfaceOrientationLandscapeRight";
				INFOPLIST_KEY_UISupportedInterfaceOrientations_iPhone = "UIInterfaceOrientationPortrait UIInterfaceOrientationLandscapeLeft UIInterfaceOrientationLandscapeRight";
				LD_RUNPATH_SEARCH_PATHS = (
					"$(inherited)",
					"@executable_path/Frameworks",
				);
				MARKETING_VERSION = 1.0;
				PRODUCT_BUNDLE_IDENTIFIER = alexrybachev.PersonalQuizApp;
				PRODUCT_NAME = "$(TARGET_NAME)";
				SWIFT_EMIT_LOC_STRINGS = YES;
				SWIFT_VERSION = 5.0;
				TARGETED_DEVICE_FAMILY = 1;
			};
			name = Debug;
		};
		282603A727E07EC600F165CC /* Release */ = {
			isa = XCBuildConfiguration;
			buildSettings = {
				ASSETCATALOG_COMPILER_APPICON_NAME = AppIcon;
				ASSETCATALOG_COMPILER_GLOBAL_ACCENT_COLOR_NAME = AccentColor;
				CODE_SIGN_STYLE = Automatic;
				CURRENT_PROJECT_VERSION = 1;
				DEVELOPMENT_TEAM = 6P96P67U8G;
				GENERATE_INFOPLIST_FILE = YES;
				INFOPLIST_FILE = PersonalQuizApp/App/Info.plist;
				INFOPLIST_KEY_UIApplicationSupportsIndirectInputEvents = YES;
				INFOPLIST_KEY_UILaunchStoryboardName = LaunchScreen;
				INFOPLIST_KEY_UIMainStoryboardFile = Main;
				INFOPLIST_KEY_UISupportedInterfaceOrientations_iPad = "UIInterfaceOrientationPortrait UIInterfaceOrientationPortraitUpsideDown UIInterfaceOrientationLandscapeLeft UIInterfaceOrientationLandscapeRight";
				INFOPLIST_KEY_UISupportedInterfaceOrientations_iPhone = "UIInterfaceOrientationPortrait UIInterfaceOrientationLandscapeLeft UIInterfaceOrientationLandscapeRight";
				LD_RUNPATH_SEARCH_PATHS = (
					"$(inherited)",
					"@executable_path/Frameworks",
				);
				MARKETING_VERSION = 1.0;
				PRODUCT_BUNDLE_IDENTIFIER = alexrybachev.PersonalQuizApp;
				PRODUCT_NAME = "$(TARGET_NAME)";
				SWIFT_EMIT_LOC_STRINGS = YES;
				SWIFT_VERSION = 5.0;
				TARGETED_DEVICE_FAMILY = 1;
			};
			name = Release;
		};
/* End XCBuildConfiguration section */

/* Begin XCConfigurationList section */
		2826038C27E07EC500F165CC /* Build configuration list for PBXProject "PersonalQuizApp" */ = {
			isa = XCConfigurationList;
			buildConfigurations = (
				282603A327E07EC600F165CC /* Debug */,
				282603A427E07EC600F165CC /* Release */,
			);
			defaultConfigurationIsVisible = 0;
			defaultConfigurationName = Release;
		};
		282603A527E07EC600F165CC /* Build configuration list for PBXNativeTarget "PersonalQuizApp" */ = {
			isa = XCConfigurationList;
			buildConfigurations = (
				282603A627E07EC600F165CC /* Debug */,
				282603A727E07EC600F165CC /* Release */,
			);
			defaultConfigurationIsVisible = 0;
			defaultConfigurationName = Release;
		};
/* End XCConfigurationList section */
	};
	rootObject = 2826038927E07EC500F165CC /* Project object */;
}
